
Microsoft Visual Studio Solution File, Format Version 12.00
# Visual Studio Version 16
VisualStudioVersion = 16.0.30225.117
MinimumVisualStudioVersion = 10.0.40219.1
Project("{FAE04EC0-301F-11D3-BF4B-00C04F79EFBC}") = "APITienda", "APITienda\APITienda.csproj", "{1A4BB936-1BC3-4F9D-A752-659B5F59A182}"
EndProject
Global
	GlobalSection(SolutionConfigurationPlatforms) = preSolution
		Debug|Any CPU = Debug|Any CPU
		Release|Any CPU = Release|Any CPU
	EndGlobalSection
	GlobalSection(ProjectConfigurationPlatforms) = postSolution
		{1A4BB936-1BC3-4F9D-A752-659B5F59A182}.Debug|Any CPU.ActiveCfg = Debug|Any CPU
		{1A4BB936-1BC3-4F9D-A752-659B5F59A182}.Debug|Any CPU.Build.0 = Debug|Any CPU
		{1A4BB936-1BC3-4F9D-A752-659B5F59A182}.Release|Any CPU.ActiveCfg = Release|Any CPU
		{1A4BB936-1BC3-4F9D-A752-659B5F59A182}.Release|Any CPU.Build.0 = Release|Any CPU
	EndGlobalSection
	GlobalSection(SolutionProperties) = preSolution
		HideSolutionNode = FALSE
	EndGlobalSection
	GlobalSection(ExtensibilityGlobals) = postSolution
		SolutionGuid = {513C0CCC-14C4-4192-8560-7E30B827B028}
	EndGlobalSection
EndGlobal
